
Microsoft Visual Studio Solution File, Format Version 12.00
# Visual Studio 2013
VisualStudioVersion = 12.0.31101.0
MinimumVisualStudioVersion = 10.0.40219.1
Project("{FAE04EC0-301F-11D3-BF4B-00C04F79EFBC}") = "Example.Specs", "Example.Specs\Example.Specs.csproj", "{03B768E3-4BB8-4FFA-B17B-3D37539AE6C7}"
EndProject
Project("{FAE04EC0-301F-11D3-BF4B-00C04F79EFBC}") = "ExecutableSpecifications.Core", "ExecutableSpecifications.Core\ExecutableSpecifications.Core.csproj", "{0784FD9E-42A6-4B77-A4EF-0FE535FAF3BD}"
EndProject
Global
	GlobalSection(SolutionConfigurationPlatforms) = preSolution
		Debug|Any CPU = Debug|Any CPU
		Release|Any CPU = Release|Any CPU
	EndGlobalSection
	GlobalSection(ProjectConfigurationPlatforms) = postSolution
		{03B768E3-4BB8-4FFA-B17B-3D37539AE6C7}.Debug|Any CPU.ActiveCfg = Debug|Any CPU
		{03B768E3-4BB8-4FFA-B17B-3D37539AE6C7}.Debug|Any CPU.Build.0 = Debug|Any CPU
		{03B768E3-4BB8-4FFA-B17B-3D37539AE6C7}.Release|Any CPU.ActiveCfg = Release|Any CPU
		{03B768E3-4BB8-4FFA-B17B-3D37539AE6C7}.Release|Any CPU.Build.0 = Release|Any CPU
		{0784FD9E-42A6-4B77-A4EF-0FE535FAF3BD}.Debug|Any CPU.ActiveCfg = Debug|Any CPU
		{0784FD9E-42A6-4B77-A4EF-0FE535FAF3BD}.Debug|Any CPU.Build.0 = Debug|Any CPU
		{0784FD9E-42A6-4B77-A4EF-0FE535FAF3BD}.Release|Any CPU.ActiveCfg = Release|Any CPU
		{0784FD9E-42A6-4B77-A4EF-0FE535FAF3BD}.Release|Any CPU.Build.0 = Release|Any CPU
	EndGlobalSection
	GlobalSection(SolutionProperties) = preSolution
		HideSolutionNode = FALSE
	EndGlobalSection
EndGlobal
